
Microsoft Visual Studio Solution File, Format Version 12.00
# Visual Studio Version 17
VisualStudioVersion = 17.14.36221.1 d17.14
MinimumVisualStudioVersion = 10.0.40219.1
Project("{8BC9CEB8-8B4A-11D0-8D11-00A0C91BC942}") = "quakeLevel", "quakeLevel\quakeLevel.vcxproj", "{EE770416-E81A-4579-97D8-A345DF65F7FC}"
EndProject
Global
	GlobalSection(SolutionConfigurationPlatforms) = preSolution
		Debug|x64 = Debug|x64
		Debug|x86 = Debug|x86
		Release|x64 = Release|x64
		Release|x86 = Release|x86
	EndGlobalSection
	GlobalSection(ProjectConfigurationPlatforms) = postSolution
		{EE770416-E81A-4579-97D8-A345DF65F7FC}.Debug|x64.ActiveCfg = Debug|x64
		{EE770416-E81A-4579-97D8-A345DF65F7FC}.Debug|x64.Build.0 = Debug|x64
		{EE770416-E81A-4579-97D8-A345DF65F7FC}.Debug|x86.ActiveCfg = Debug|Win32
		{EE770416-E81A-4579-97D8-A345DF65F7FC}.Debug|x86.Build.0 = Debug|Win32
		{EE770416-E81A-4579-97D8-A345DF65F7FC}.Release|x64.ActiveCfg = Release|x64
		{EE770416-E81A-4579-97D8-A345DF65F7FC}.Release|x64.Build.0 = Release|x64
		{EE770416-E81A-4579-97D8-A345DF65F7FC}.Release|x86.ActiveCfg = Release|Win32
		{EE770416-E81A-4579-97D8-A345DF65F7FC}.Release|x86.Build.0 = Release|Win32
	EndGlobalSection
	GlobalSection(SolutionProperties) = preSolution
		HideSolutionNode = FALSE
	EndGlobalSection
	GlobalSection(ExtensibilityGlobals) = postSolution
		SolutionGuid = {176F9F12-758B-4A50-BAFA-CAA034CEC61E}
	EndGlobalSection
EndGlobal
